
Microsoft Visual Studio Solution File, Format Version 12.00
# Visual Studio Version 16
VisualStudioVersion = 16.0.30804.86
MinimumVisualStudioVersion = 10.0.40219.1
Project("{9A19103F-16F7-4668-BE54-9A1E7A4F7556}") = "RideShareAPI", "RideShareAPI\RideShareAPI.csproj", "{836DC9E3-072D-4970-B7D6-B8FCD1B2A4D3}"
EndProject
Project("{FAE04EC0-301F-11D3-BF4B-00C04F79EFBC}") = "RideShare.Business", "RideShare.Business\RideShare.Business.csproj", "{CA80FA8F-D228-4B38-BDE1-B6C2DA23E42F}"
EndProject
Project("{FAE04EC0-301F-11D3-BF4B-00C04F79EFBC}") = "RideShare.DataAccess", "RideShare.DataAccess\RideShare.DataAccess.csproj", "{627FD643-4B14-42AC-B2EC-24A5BE6299AD}"
EndProject
Project("{FAE04EC0-301F-11D3-BF4B-00C04F79EFBC}") = "RideShare.Entity", "RideShare.Entity\RideShare.Entity.csproj", "{66D13F24-E966-4118-8CA3-773368595D98}"
EndProject
Project("{FAE04EC0-301F-11D3-BF4B-00C04F79EFBC}") = "RideShare.ViewModel", "RideShare.ViewModel\RideShare.ViewModel.csproj", "{A75F0C2F-BC95-4E0B-AEE6-720ECBD00EDA}"
EndProject
Global
	GlobalSection(SolutionConfigurationPlatforms) = preSolution
		Debug|Any CPU = Debug|Any CPU
		Release|Any CPU = Release|Any CPU
	EndGlobalSection
	GlobalSection(ProjectConfigurationPlatforms) = postSolution
		{836DC9E3-072D-4970-B7D6-B8FCD1B2A4D3}.Debug|Any CPU.ActiveCfg = Debug|Any CPU
		{836DC9E3-072D-4970-B7D6-B8FCD1B2A4D3}.Debug|Any CPU.Build.0 = Debug|Any CPU
		{836DC9E3-072D-4970-B7D6-B8FCD1B2A4D3}.Release|Any CPU.ActiveCfg = Release|Any CPU
		{836DC9E3-072D-4970-B7D6-B8FCD1B2A4D3}.Release|Any CPU.Build.0 = Release|Any CPU
		{CA80FA8F-D228-4B38-BDE1-B6C2DA23E42F}.Debug|Any CPU.ActiveCfg = Debug|Any CPU
		{CA80FA8F-D228-4B38-BDE1-B6C2DA23E42F}.Debug|Any CPU.Build.0 = Debug|Any CPU
		{CA80FA8F-D228-4B38-BDE1-B6C2DA23E42F}.Release|Any CPU.ActiveCfg = Release|Any CPU
		{CA80FA8F-D228-4B38-BDE1-B6C2DA23E42F}.Release|Any CPU.Build.0 = Release|Any CPU
		{627FD643-4B14-42AC-B2EC-24A5BE6299AD}.Debug|Any CPU.ActiveCfg = Debug|Any CPU
		{627FD643-4B14-42AC-B2EC-24A5BE6299AD}.Debug|Any CPU.Build.0 = Debug|Any CPU
		{627FD643-4B14-42AC-B2EC-24A5BE6299AD}.Release|Any CPU.ActiveCfg = Release|Any CPU
		{627FD643-4B14-42AC-B2EC-24A5BE6299AD}.Release|Any CPU.Build.0 = Release|Any CPU
		{66D13F24-E966-4118-8CA3-773368595D98}.Debug|Any CPU.ActiveCfg = Debug|Any CPU
		{66D13F24-E966-4118-8CA3-773368595D98}.Debug|Any CPU.Build.0 = Debug|Any CPU
		{66D13F24-E966-4118-8CA3-773368595D98}.Release|Any CPU.ActiveCfg = Release|Any CPU
		{66D13F24-E966-4118-8CA3-773368595D98}.Release|Any CPU.Build.0 = Release|Any CPU
		{A75F0C2F-BC95-4E0B-AEE6-720ECBD00EDA}.Debug|Any CPU.ActiveCfg = Debug|Any CPU
		{A75F0C2F-BC95-4E0B-AEE6-720ECBD00EDA}.Debug|Any CPU.Build.0 = Debug|Any CPU
		{A75F0C2F-BC95-4E0B-AEE6-720ECBD00EDA}.Release|Any CPU.ActiveCfg = Release|Any CPU
		{A75F0C2F-BC95-4E0B-AEE6-720ECBD00EDA}.Release|Any CPU.Build.0 = Release|Any CPU
	EndGlobalSection
	GlobalSection(SolutionProperties) = preSolution
		HideSolutionNode = FALSE
	EndGlobalSection
	GlobalSection(ExtensibilityGlobals) = postSolution
		SolutionGuid = {F3C32CCA-0627-4672-A2CC-A127D2324124}
	EndGlobalSection
EndGlobal
